
Microsoft Visual Studio Solution File, Format Version 12.00
# Visual Studio Version 17
VisualStudioVersion = 17.1.32210.238
MinimumVisualStudioVersion = 10.0.40219.1
Project("{FAE04EC0-301F-11D3-BF4B-00C04F79EFBC}") = "Web.API", "Web.API\Web.API.csproj", "{221395C8-B485-4039-AC7F-225DACDF8BAD}"
EndProject
Project("{FAE04EC0-301F-11D3-BF4B-00C04F79EFBC}") = "BLL", "BLL\BLL.csproj", "{EFABFDC8-0DD9-4994-BBCE-67286828335F}"
EndProject
Project("{FAE04EC0-301F-11D3-BF4B-00C04F79EFBC}") = "DAL", "DAL\DAL.csproj", "{72B7D402-CA09-4C02-9478-FCDC9B51A9DB}"
EndProject
Global
	GlobalSection(SolutionConfigurationPlatforms) = preSolution
		Debug|Any CPU = Debug|Any CPU
		Release|Any CPU = Release|Any CPU
	EndGlobalSection
	GlobalSection(ProjectConfigurationPlatforms) = postSolution
		{221395C8-B485-4039-AC7F-225DACDF8BAD}.Debug|Any CPU.ActiveCfg = Debug|Any CPU
		{221395C8-B485-4039-AC7F-225DACDF8BAD}.Debug|Any CPU.Build.0 = Debug|Any CPU
		{221395C8-B485-4039-AC7F-225DACDF8BAD}.Release|Any CPU.ActiveCfg = Release|Any CPU
		{221395C8-B485-4039-AC7F-225DACDF8BAD}.Release|Any CPU.Build.0 = Release|Any CPU
		{EFABFDC8-0DD9-4994-BBCE-67286828335F}.Debug|Any CPU.ActiveCfg = Debug|Any CPU
		{EFABFDC8-0DD9-4994-BBCE-67286828335F}.Debug|Any CPU.Build.0 = Debug|Any CPU
		{EFABFDC8-0DD9-4994-BBCE-67286828335F}.Release|Any CPU.ActiveCfg = Release|Any CPU
		{EFABFDC8-0DD9-4994-BBCE-67286828335F}.Release|Any CPU.Build.0 = Release|Any CPU
		{72B7D402-CA09-4C02-9478-FCDC9B51A9DB}.Debug|Any CPU.ActiveCfg = Debug|Any CPU
		{72B7D402-CA09-4C02-9478-FCDC9B51A9DB}.Debug|Any CPU.Build.0 = Debug|Any CPU
		{72B7D402-CA09-4C02-9478-FCDC9B51A9DB}.Release|Any CPU.ActiveCfg = Release|Any CPU
		{72B7D402-CA09-4C02-9478-FCDC9B51A9DB}.Release|Any CPU.Build.0 = Release|Any CPU
	EndGlobalSection
	GlobalSection(SolutionProperties) = preSolution
		HideSolutionNode = FALSE
	EndGlobalSection
	GlobalSection(ExtensibilityGlobals) = postSolution
		SolutionGuid = {C09FA910-00B9-40D8-99F2-C2B8EB548653}
	EndGlobalSection
EndGlobal
